// !$*UTF8*$!
{
	archiveVersion = 1;
	classes = {
	};
	objectVersion = 55;
	objects = {

/* Begin PBXBuildFile section */
		218AD63A28BA2CAD00F9157F /* nabtaApp.swift in Sources */ = {isa = PBXBuildFile; fileRef = 218AD63928BA2CAD00F9157F /* nabtaApp.swift */; };
		218AD63C28BA2CAD00F9157F /* ContentView.swift in Sources */ = {isa = PBXBuildFile; fileRef = 218AD63B28BA2CAD00F9157F /* ContentView.swift */; };
		218AD63E28BA2CB200F9157F /* Assets.xcassets in Resources */ = {isa = PBXBuildFile; fileRef = 218AD63D28BA2CB200F9157F /* Assets.xcassets */; };
		218AD64128BA2CB200F9157F /* Preview Assets.xcassets in Resources */ = {isa = PBXBuildFile; fileRef = 218AD64028BA2CB200F9157F /* Preview Assets.xcassets */; };
		219A27BF28BBCE2200486C07 /* Colors.xcassets in Resources */ = {isa = PBXBuildFile; fileRef = 219A27BE28BBCE2200486C07 /* Colors.xcassets */; };
		219A27C228BBD1C600486C07 /* Color+Extensions.swift in Sources */ = {isa = PBXBuildFile; fileRef = 219A27C128BBD1C600486C07 /* Color+Extensions.swift */; };
		219A27C628BBE1CD00486C07 /* test.swift in Sources */ = {isa = PBXBuildFile; fileRef = 219A27C528BBE1CD00486C07 /* test.swift */; };
		219A27CA28BC15AE00486C07 /* SnakeView.swift in Sources */ = {isa = PBXBuildFile; fileRef = 219A27C928BC15AE00486C07 /* SnakeView.swift */; };
		219A27CC28BC19AD00486C07 /* IndoorView.swift in Sources */ = {isa = PBXBuildFile; fileRef = 219A27CB28BC19AD00486C07 /* IndoorView.swift */; };
/* End PBXBuildFile section */

/* Begin PBXFileReference section */
		218AD63628BA2CAD00F9157F /* nabta.app */ = {isa = PBXFileReference; explicitFileType = wrapper.application; includeInIndex = 0; path = nabta.app; sourceTree = BUILT_PRODUCTS_DIR; };
		218AD63928BA2CAD00F9157F /* nabtaApp.swift */ = {isa = PBXFileReference; lastKnownFileType = sourcecode.swift; path = nabtaApp.swift; sourceTree = "<group>"; };
		218AD63B28BA2CAD00F9157F /* ContentView.swift */ = {isa = PBXFileReference; lastKnownFileType = sourcecode.swift; path = ContentView.swift; sourceTree = "<group>"; };
		218AD63D28BA2CB200F9157F /* Assets.xcassets */ = {isa = PBXFileReference; lastKnownFileType = folder.assetcatalog; path = Assets.xcassets; sourceTree = "<group>"; };
		218AD64028BA2CB200F9157F /* Preview Assets.xcassets */ = {isa = PBXFileReference; lastKnownFileType = folder.assetcatalog; path = "Preview Assets.xcassets"; sourceTree = "<group>"; };
		219A27BE28BBCE2200486C07 /* Colors.xcassets */ = {isa = PBXFileReference; lastKnownFileType = folder.assetcatalog; path = Colors.xcassets; sourceTree = "<group>"; };
		219A27C128BBD1C600486C07 /* Color+Extensions.swift */ = {isa = PBXFileReference; lastKnownFileType = sourcecode.swift; path = "Color+Extensions.swift"; sourceTree = "<group>"; };
		219A27C528BBE1CD00486C07 /* test.swift */ = {isa = PBXFileReference; lastKnownFileType = sourcecode.swift; path = test.swift; sourceTree = "<group>"; };
		219A27C928BC15AE00486C07 /* SnakeView.swift */ = {isa = PBXFileReference; lastKnownFileType = sourcecode.swift; path = SnakeView.swift; sourceTree = "<group>"; };
		219A27CB28BC19AD00486C07 /* IndoorView.swift */ = {isa = PBXFileReference; lastKnownFileType = sourcecode.swift; path = IndoorView.swift; sourceTree = "<group>"; };
/* End PBXFileReference section */

/* Begin PBXFrameworksBuildPhase section */
		218AD63328BA2CAD00F9157F /* Frameworks */ = {
			isa = PBXFrameworksBuildPhase;
			buildActionMask = 2147483647;
			files = (
			);
			runOnlyForDeploymentPostprocessing = 0;
		};
/* End PBXFrameworksBuildPhase section */

/* Begin PBXGroup section */
		218AD62D28BA2CAD00F9157F = {
			isa = PBXGroup;
			children = (
				218AD63828BA2CAD00F9157F /* nabta */,
				218AD63728BA2CAD00F9157F /* Products */,
			);
			sourceTree = "<group>";
		};
		218AD63728BA2CAD00F9157F /* Products */ = {
			isa = PBXGroup;
			children = (
				218AD63628BA2CAD00F9157F /* nabta.app */,
			);
			name = Products;
			sourceTree = "<group>";
		};
		218AD63828BA2CAD00F9157F /* nabta */ = {
			isa = PBXGroup;
			children = (
				218AD63928BA2CAD00F9157F /* nabtaApp.swift */,
				218AD63B28BA2CAD00F9157F /* ContentView.swift */,
				219A27C528BBE1CD00486C07 /* test.swift */,
				219A27CB28BC19AD00486C07 /* IndoorView.swift */,
				219A27C928BC15AE00486C07 /* SnakeView.swift */,
				219A27C028BBD18C00486C07 /* Extensions */,
				218AD63D28BA2CB200F9157F /* Assets.xcassets */,
				219A27BE28BBCE2200486C07 /* Colors.xcassets */,
				218AD63F28BA2CB200F9157F /* Preview Content */,
			);
			path = nabta;
			sourceTree = "<group>";
		};
		218AD63F28BA2CB200F9157F /* Preview Content */ = {
			isa = PBXGroup;
			children = (
				218AD64028BA2CB200F9157F /* Preview Assets.xcassets */,
			);
			path = "Preview Content";
			sourceTree = "<group>";
		};
		219A27C028BBD18C00486C07 /* Extensions */ = {
			isa = PBXGroup;
			children = (
				219A27C128BBD1C600486C07 /* Color+Extensions.swift */,
			);
			name = Extensions;
			sourceTree = "<group>";
		};
/* End PBXGroup section */

/* Begin PBXNativeTarget section */
		218AD63528BA2CAD00F9157F /* nabta */ = {
			isa = PBXNativeTarget;
			buildConfigurationList = 218AD64428BA2CB200F9157F /* Build configuration list for PBXNativeTarget "nabta" */;
			buildPhases = (
				218AD63228BA2CAD00F9157F /* Sources */,
				218AD63328BA2CAD00F9157F /* Frameworks */,
				218AD63428BA2CAD00F9157F /* Resources */,
			);
			buildRules = (
			);
			dependencies = (
			);
			name = nabta;
			productName = nabta;
			productReference = 218AD63628BA2CAD00F9157F /* nabta.app */;
			productType = "com.apple.product-type.application";
		};
/* End PBXNativeTarget section */

/* Begin PBXProject section */
		218AD62E28BA2CAD00F9157F /* Project object */ = {
			isa = PBXProject;
			attributes = {
				BuildIndependentTargetsInParallel = 1;
				LastSwiftUpdateCheck = 1340;
				LastUpgradeCheck = 1340;
				TargetAttributes = {
					218AD63528BA2CAD00F9157F = {
						CreatedOnToolsVersion = 13.4.1;
					};
				};
			};
			buildConfigurationList = 218AD63128BA2CAD00F9157F /* Build configuration list for PBXProject "nabta" */;
			compatibilityVersion = "Xcode 13.0";
			developmentRegion = en;
			hasScannedForEncodings = 0;
			knownRegions = (
				en,
				Base,
			);
			mainGroup = 218AD62D28BA2CAD00F9157F;
			productRefGroup = 218AD63728BA2CAD00F9157F /* Products */;
			projectDirPath = "";
			projectRoot = "";
			targets = (
				218AD63528BA2CAD00F9157F /* nabta */,
			);
		};
/* End PBXProject section */

/* Begin PBXResourcesBuildPhase section */
		218AD63428BA2CAD00F9157F /* Resources */ = {
			isa = PBXResourcesBuildPhase;
			buildActionMask = 2147483647;
			files = (
				219A27BF28BBCE2200486C07 /* Colors.xcassets in Resources */,
				218AD64128BA2CB200F9157F /* Preview Assets.xcassets in Resources */,
				218AD63E28BA2CB200F9157F /* Assets.xcassets in Resources */,
			);
			runOnlyForDeploymentPostprocessing = 0;
		};
/* End PBXResourcesBuildPhase section */

/* Begin PBXSourcesBuildPhase section */
		218AD63228BA2CAD00F9157F /* Sources */ = {
			isa = PBXSourcesBuildPhase;
			buildActionMask = 2147483647;
			files = (
				219A27CA28BC15AE00486C07 /* SnakeView.swift in Sources */,
				218AD63C28BA2CAD00F9157F /* ContentView.swift in Sources */,
				219A27C628BBE1CD00486C07 /* test.swift in Sources */,
				219A27CC28BC19AD00486C07 /* IndoorView.swift in Sources */,
				218AD63A28BA2CAD00F9157F /* nabtaApp.swift in Sources */,
				219A27C228BBD1C600486C07 /* Color+Extensions.swift in Sources */,
			);
			runOnlyForDeploymentPostprocessing = 0;
		};
/* End PBXSourcesBuildPhase section */

/* Begin XCBuildConfiguration section */
		218AD64228BA2CB200F9157F /* Debug */ = {
			isa = XCBuildConfiguration;
			buildSettings = {
				ALWAYS_SEARCH_USER_PATHS = NO;
				CLANG_ANALYZER_NONNULL = YES;
				CLANG_ANALYZER_NUMBER_OBJECT_CONVERSION = YES_AGGRESSIVE;
				CLANG_CXX_LANGUAGE_STANDARD = "gnu++17";
				CLANG_ENABLE_MODULES = YES;
				CLANG_ENABLE_OBJC_ARC = YES;
				CLANG_ENABLE_OBJC_WEAK = YES;
				CLANG_WARN_BLOCK_CAPTURE_AUTORELEASING = YES;
				CLANG_WARN_BOOL_CONVERSION = YES;
				CLANG_WARN_COMMA = YES;
				CLANG_WARN_CONSTANT_CONVERSION = YES;
				CLANG_WARN_DEPRECATED_OBJC_IMPLEMENTATIONS = YES;
				CLANG_WARN_DIRECT_OBJC_ISA_USAGE = YES_ERROR;
				CLANG_WARN_DOCUMENTATION_COMMENTS = YES;
				CLANG_WARN_EMPTY_BODY = YES;
				CLANG_WARN_ENUM_CONVERSION = YES;
				CLANG_WARN_INFINITE_RECURSION = YES;
				CLANG_WARN_INT_CONVERSION = YES;
				CLANG_WARN_NON_LITERAL_NULL_CONVERSION = YES;
				CLANG_WARN_OBJC_IMPLICIT_RETAIN_SELF = YES;
				CLANG_WARN_OBJC_LITERAL_CONVERSION = YES;
				CLANG_WARN_OBJC_ROOT_CLASS = YES_ERROR;
				CLANG_WARN_QUOTED_INCLUDE_IN_FRAMEWORK_HEADER = YES;
				CLANG_WARN_RANGE_LOOP_ANALYSIS = YES;
				CLANG_WARN_STRICT_PROTOTYPES = YES;
				CLANG_WARN_SUSPICIOUS_MOVE = YES;
				CLANG_WARN_UNGUARDED_AVAILABILITY = YES_AGGRESSIVE;
				CLANG_WARN_UNREACHABLE_CODE = YES;
				CLANG_WARN__DUPLICATE_METHOD_MATCH = YES;
				COPY_PHASE_STRIP = NO;
				DEBUG_INFORMATION_FORMAT = dwarf;
				ENABLE_STRICT_OBJC_MSGSEND = YES;
				ENABLE_TESTABILITY = YES;
				GCC_C_LANGUAGE_STANDARD = gnu11;
				GCC_DYNAMIC_NO_PIC = NO;
				GCC_NO_COMMON_BLOCKS = YES;
				GCC_OPTIMIZATION_LEVEL = 0;
				GCC_PREPROCESSOR_DEFINITIONS = (
					"DEBUG=1",
					"$(inherited)",
				);
				GCC_WARN_64_TO_32_BIT_CONVERSION = YES;
				GCC_WARN_ABOUT_RETURN_TYPE = YES_ERROR;
				GCC_WARN_UNDECLARED_SELECTOR = YES;
				GCC_WARN_UNINITIALIZED_AUTOS = YES_AGGRESSIVE;
				GCC_WARN_UNUSED_FUNCTION = YES;
				GCC_WARN_UNUSED_VARIABLE = YES;
				IPHONEOS_DEPLOYMENT_TARGET = 15.5;
				MTL_ENABLE_DEBUG_INFO = INCLUDE_SOURCE;
				MTL_FAST_MATH = YES;
				ONLY_ACTIVE_ARCH = YES;
				SDKROOT = iphoneos;
				SWIFT_ACTIVE_COMPILATION_CONDITIONS = DEBUG;
				SWIFT_OPTIMIZATION_LEVEL = "-Onone";
			};
			name = Debug;
		};
		218AD64328BA2CB200F9157F /* Release */ = {
			isa = XCBuildConfiguration;
			buildSettings = {
				ALWAYS_SEARCH_USER_PATHS = NO;
				CLANG_ANALYZER_NONNULL = YES;
				CLANG_ANALYZER_NUMBER_OBJECT_CONVERSION = YES_AGGRESSIVE;
				CLANG_CXX_LANGUAGE_STANDARD = "gnu++17";
				CLANG_ENABLE_MODULES = YES;
				CLANG_ENABLE_OBJC_ARC = YES;
				CLANG_ENABLE_OBJC_WEAK = YES;
				CLANG_WARN_BLOCK_CAPTURE_AUTORELEASING = YES;
				CLANG_WARN_BOOL_CONVERSION = YES;
				CLANG_WARN_COMMA = YES;
				CLANG_WARN_CONSTANT_CONVERSION = YES;
				CLANG_WARN_DEPRECATED_OBJC_IMPLEMENTATIONS = YES;
				CLANG_WARN_DIRECT_OBJC_ISA_USAGE = YES_ERROR;
				CLANG_WARN_DOCUMENTATION_COMMENTS = YES;
				CLANG_WARN_EMPTY_BODY = YES;
				CLANG_WARN_ENUM_CONVERSION = YES;
				CLANG_WARN_INFINITE_RECURSION = YES;
				CLANG_WARN_INT_CONVERSION = YES;
				CLANG_WARN_NON_LITERAL_NULL_CONVERSION = YES;
				CLANG_WARN_OBJC_IMPLICIT_RETAIN_SELF = YES;
				CLANG_WARN_OBJC_LITERAL_CONVERSION = YES;
				CLANG_WARN_OBJC_ROOT_CLASS = YES_ERROR;
				CLANG_WARN_QUOTED_INCLUDE_IN_FRAMEWORK_HEADER = YES;
				CLANG_WARN_RANGE_LOOP_ANALYSIS = YES;
				CLANG_WARN_STRICT_PROTOTYPES = YES;
				CLANG_WARN_SUSPICIOUS_MOVE = YES;
				CLANG_WARN_UNGUARDED_AVAILABILITY = YES_AGGRESSIVE;
				CLANG_WARN_UNREACHABLE_CODE = YES;
				CLANG_WARN__DUPLICATE_METHOD_MATCH = YES;
				COPY_PHASE_STRIP = NO;
				DEBUG_INFORMATION_FORMAT = "dwarf-with-dsym";
				ENABLE_NS_ASSERTIONS = NO;
				ENABLE_STRICT_OBJC_MSGSEND = YES;
				GCC_C_LANGUAGE_STANDARD = gnu11;
				GCC_NO_COMMON_BLOCKS = YES;
				GCC_WARN_64_TO_32_BIT_CONVERSION = YES;
				GCC_WARN_ABOUT_RETURN_TYPE = YES_ERROR;
				GCC_WARN_UNDECLARED_SELECTOR = YES;
				GCC_WARN_UNINITIALIZED_AUTOS = YES_AGGRESSIVE;
				GCC_WARN_UNUSED_FUNCTION = YES;
				GCC_WARN_UNUSED_VARIABLE = YES;
				IPHONEOS_DEPLOYMENT_TARGET = 15.5;
				MTL_ENABLE_DEBUG_INFO = NO;
				MTL_FAST_MATH = YES;
				SDKROOT = iphoneos;
				SWIFT_COMPILATION_MODE = wholemodule;
				SWIFT_OPTIMIZATION_LEVEL = "-O";
				VALIDATE_PRODUCT = YES;
			};
			name = Release;
		};
		218AD64528BA2CB200F9157F /* Debug */ = {
			isa = XCBuildConfiguration;
			buildSettings = {
				ASSETCATALOG_COMPILER_APPICON_NAME = AppIcon;
				ASSETCATALOG_COMPILER_GLOBAL_ACCENT_COLOR_NAME = AccentColor;
				CODE_SIGN_STYLE = Automatic;
				CURRENT_PROJECT_VERSION = 1;
				DEVELOPMENT_ASSET_PATHS = "\"nabta/Preview Content\"";
				ENABLE_PREVIEWS = YES;
				GENERATE_INFOPLIST_FILE = YES;
				INFOPLIST_KEY_UIApplicationSceneManifest_Generation = YES;
				INFOPLIST_KEY_UIApplicationSupportsIndirectInputEvents = YES;
				INFOPLIST_KEY_UILaunchScreen_Generation = YES;
				INFOPLIST_KEY_UISupportedInterfaceOrientations_iPad = "UIInterfaceOrientationPortrait UIInterfaceOrientationPortraitUpsideDown UIInterfaceOrientationLandscapeLeft UIInterfaceOrientationLandscapeRight";
				INFOPLIST_KEY_UISupportedInterfaceOrientations_iPhone = "UIInterfaceOrientationPortrait UIInterfaceOrientationLandscapeLeft UIInterfaceOrientationLandscapeRight";
				LD_RUNPATH_SEARCH_PATHS = (
					"$(inherited)",
					"@executable_path/Frameworks",
				);
				MARKETING_VERSION = 1.0;
				PRODUCT_BUNDLE_IDENTIFIER = com.Sbuzlouf.nabta;
				PRODUCT_NAME = "$(TARGET_NAME)";
				SWIFT_EMIT_LOC_STRINGS = YES;
				SWIFT_VERSION = 5.0;
				TARGETED_DEVICE_FAMILY = "1,2";
			};
			name = Debug;
		};
		218AD64628BA2CB200F9157F /* Release */ = {
			isa = XCBuildConfiguration;
			buildSettings = {
				ASSETCATALOG_COMPILER_APPICON_NAME = AppIcon;
				ASSETCATALOG_COMPILER_GLOBAL_ACCENT_COLOR_NAME = AccentColor;
				CODE_SIGN_STYLE = Automatic;
				CURRENT_PROJECT_VERSION = 1;
				DEVELOPMENT_ASSET_PATHS = "\"nabta/Preview Content\"";
				ENABLE_PREVIEWS = YES;
				GENERATE_INFOPLIST_FILE = YES;
				INFOPLIST_KEY_UIApplicationSceneManifest_Generation = YES;
				INFOPLIST_KEY_UIApplicationSupportsIndirectInputEvents = YES;
				INFOPLIST_KEY_UILaunchScreen_Generation = YES;
				INFOPLIST_KEY_UISupportedInterfaceOrientations_iPad = "UIInterfaceOrientationPortrait UIInterfaceOrientationPortraitUpsideDown UIInterfaceOrientationLandscapeLeft UIInterfaceOrientationLandscapeRight";
				INFOPLIST_KEY_UISupportedInterfaceOrientations_iPhone = "UIInterfaceOrientationPortrait UIInterfaceOrientationLandscapeLeft UIInterfaceOrientationLandscapeRight";
				LD_RUNPATH_SEARCH_PATHS = (
					"$(inherited)",
					"@executable_path/Frameworks",
				);
				MARKETING_VERSION = 1.0;
				PRODUCT_BUNDLE_IDENTIFIER = com.Sbuzlouf.nabta;
				PRODUCT_NAME = "$(TARGET_NAME)";
				SWIFT_EMIT_LOC_STRINGS = YES;
				SWIFT_VERSION = 5.0;
				TARGETED_DEVICE_FAMILY = "1,2";
			};
			name = Release;
		};
/* End XCBuildConfiguration section */

/* Begin XCConfigurationList section */
		218AD63128BA2CAD00F9157F /* Build configuration list for PBXProject "nabta" */ = {
			isa = XCConfigurationList;
			buildConfigurations = (
				218AD64228BA2CB200F9157F /* Debug */,
				218AD64328BA2CB200F9157F /* Release */,
			);
			defaultConfigurationIsVisible = 0;
			defaultConfigurationName = Release;
		};
		218AD64428BA2CB200F9157F /* Build configuration list for PBXNativeTarget "nabta" */ = {
			isa = XCConfigurationList;
			buildConfigurations = (
				218AD64528BA2CB200F9157F /* Debug */,
				218AD64628BA2CB200F9157F /* Release */,
			);
			defaultConfigurationIsVisible = 0;
			defaultConfigurationName = Release;
		};
/* End XCConfigurationList section */
	};
	rootObject = 218AD62E28BA2CAD00F9157F /* Project object */;
}
