// !$*UTF8*$!
{
	archiveVersion = 1;
	classes = {
	};
	objectVersion = 55;
	objects = {

/* Begin PBXBuildFile section */
		2161EEC928BDBF55005B60B5 /* NabtaApp.swift in Sources */ = {isa = PBXBuildFile; fileRef = 2161EEC828BDBF55005B60B5 /* NabtaApp.swift */; };
		2161EECB28BDBF55005B60B5 /* ContentView.swift in Sources */ = {isa = PBXBuildFile; fileRef = 2161EECA28BDBF55005B60B5 /* ContentView.swift */; };
		2161EECD28BDBF57005B60B5 /* Assets.xcassets in Resources */ = {isa = PBXBuildFile; fileRef = 2161EECC28BDBF57005B60B5 /* Assets.xcassets */; };
		2161EED028BDBF57005B60B5 /* Preview Assets.xcassets in Resources */ = {isa = PBXBuildFile; fileRef = 2161EECF28BDBF57005B60B5 /* Preview Assets.xcassets */; };
		2161EED728BDC124005B60B5 /* Colors.xcassets in Resources */ = {isa = PBXBuildFile; fileRef = 2161EED628BDC124005B60B5 /* Colors.xcassets */; };
		2161EEDA28BDC1A9005B60B5 /* Color+Extentions.swift in Sources */ = {isa = PBXBuildFile; fileRef = 2161EED928BDC1A9005B60B5 /* Color+Extentions.swift */; };
		217DA20728BE2141000CC9B8 /* SideMenuView.swift in Sources */ = {isa = PBXBuildFile; fileRef = 217DA20628BE2141000CC9B8 /* SideMenuView.swift */; };
		217DA20928BE2160000CC9B8 /* SideMenuHeaderView.swift in Sources */ = {isa = PBXBuildFile; fileRef = 217DA20828BE2160000CC9B8 /* SideMenuHeaderView.swift */; };
		217DA20B28BE2183000CC9B8 /* SideMenuOptionView.swift in Sources */ = {isa = PBXBuildFile; fileRef = 217DA20A28BE2183000CC9B8 /* SideMenuOptionView.swift */; };
		217DA20D28BE21AF000CC9B8 /* SideMenuViewModel.swift in Sources */ = {isa = PBXBuildFile; fileRef = 217DA20C28BE21AF000CC9B8 /* SideMenuViewModel.swift */; };
		6F132C3428C502C600E4006C /* MainView.swift in Sources */ = {isa = PBXBuildFile; fileRef = 6F132C3328C502C600E4006C /* MainView.swift */; };
		6F132C3E28C5196900E4006C /* MyPlants.swift in Sources */ = {isa = PBXBuildFile; fileRef = 6F132C3D28C5196900E4006C /* MyPlants.swift */; };
		6F132C4428C5389600E4006C /* ImagePicker.swift in Sources */ = {isa = PBXBuildFile; fileRef = 6F132C4328C5389600E4006C /* ImagePicker.swift */; };
		6F132C4628C53AE600E4006C /* profileImageMod.swift in Sources */ = {isa = PBXBuildFile; fileRef = 6F132C4528C53AE600E4006C /* profileImageMod.swift */; };
		6F3EF73328C8E02100267A6B /* BackHidden.swift in Sources */ = {isa = PBXBuildFile; fileRef = 6F3EF73228C8E02100267A6B /* BackHidden.swift */; };
		6F3EF73528C8EF2900267A6B /* GoogleService-Info.plist in Resources */ = {isa = PBXBuildFile; fileRef = 6F3EF73428C8EF2900267A6B /* GoogleService-Info.plist */; };
		6F3EF73828C8FEF100267A6B /* FirebaseAuth in Frameworks */ = {isa = PBXBuildFile; productRef = 6F3EF73728C8FEF100267A6B /* FirebaseAuth */; };
		6F3EF73A28C8FEF100267A6B /* FirebaseFirestore in Frameworks */ = {isa = PBXBuildFile; productRef = 6F3EF73928C8FEF100267A6B /* FirebaseFirestore */; };
		6F402C3F28C882B5005F83FE /* LaunchScreen.storyboard in Resources */ = {isa = PBXBuildFile; fileRef = 6F402C3E28C882B5005F83FE /* LaunchScreen.storyboard */; };
		6F402C4128C89CF0005F83FE /* ItemModel.swift in Sources */ = {isa = PBXBuildFile; fileRef = 6F402C4028C89CF0005F83FE /* ItemModel.swift */; };
		6F402C4328C89D09005F83FE /* ListViewModel.swift in Sources */ = {isa = PBXBuildFile; fileRef = 6F402C4228C89D09005F83FE /* ListViewModel.swift */; };
		6F402C4528C89D7F005F83FE /* TaskRowView.swift in Sources */ = {isa = PBXBuildFile; fileRef = 6F402C4428C89D7F005F83FE /* TaskRowView.swift */; };
		6F402C4728C89D91005F83FE /* AddView.swift in Sources */ = {isa = PBXBuildFile; fileRef = 6F402C4628C89D91005F83FE /* AddView.swift */; };
		6F402C4928C89DA4005F83FE /* NoItemsView.swift in Sources */ = {isa = PBXBuildFile; fileRef = 6F402C4828C89DA4005F83FE /* NoItemsView.swift */; };
		6F63693028C618C900865233 /* NewPlantView.swift in Sources */ = {isa = PBXBuildFile; fileRef = 6F63692F28C618C900865233 /* NewPlantView.swift */; };
		6F63693628C61EF800865233 /* Water Measure.swift in Sources */ = {isa = PBXBuildFile; fileRef = 6F63693528C61EF800865233 /* Water Measure.swift */; };
		6F63693828C61F2400865233 /* Soil Measure.swift in Sources */ = {isa = PBXBuildFile; fileRef = 6F63693728C61F2400865233 /* Soil Measure.swift */; };
		6F63693A28C6308C00865233 /* MyTasks.swift in Sources */ = {isa = PBXBuildFile; fileRef = 6F63693928C6308C00865233 /* MyTasks.swift */; };
		6F63693C28C635E200865233 /* Calendar.swift in Sources */ = {isa = PBXBuildFile; fileRef = 6F63693B28C635E200865233 /* Calendar.swift */; };
		6F63693E28C67D5C00865233 /* ShopsView.swift in Sources */ = {isa = PBXBuildFile; fileRef = 6F63693D28C67D5C00865233 /* ShopsView.swift */; };
		6F78131F28C7CFE100FD2890 /* MenuView.swift in Sources */ = {isa = PBXBuildFile; fileRef = 6F78131E28C7CFE100FD2890 /* MenuView.swift */; };
		6F78132328C7DE8100FD2890 /* ShopViewModel.swift in Sources */ = {isa = PBXBuildFile; fileRef = 6F78132228C7DE8100FD2890 /* ShopViewModel.swift */; };
		6FB0F54B28C7792900FCA6A0 /* HomeView.swift in Sources */ = {isa = PBXBuildFile; fileRef = 6FB0F54A28C7792900FCA6A0 /* HomeView.swift */; };
		6FB0F55528C787F700FCA6A0 /* CategoriesView.swift in Sources */ = {isa = PBXBuildFile; fileRef = 6FB0F55428C787F700FCA6A0 /* CategoriesView.swift */; };
		6FE20FCA28C8B9A300A29C4C /* AddedPlantModel.swift in Sources */ = {isa = PBXBuildFile; fileRef = 6FE20FC928C8B9A300A29C4C /* AddedPlantModel.swift */; };
/* End PBXBuildFile section */

/* Begin PBXFileReference section */
		2161EEC528BDBF55005B60B5 /* Nabta.app */ = {isa = PBXFileReference; explicitFileType = wrapper.application; includeInIndex = 0; path = Nabta.app; sourceTree = BUILT_PRODUCTS_DIR; };
		2161EEC828BDBF55005B60B5 /* NabtaApp.swift */ = {isa = PBXFileReference; lastKnownFileType = sourcecode.swift; path = NabtaApp.swift; sourceTree = "<group>"; };
		2161EECA28BDBF55005B60B5 /* ContentView.swift */ = {isa = PBXFileReference; lastKnownFileType = sourcecode.swift; path = ContentView.swift; sourceTree = "<group>"; };
		2161EECC28BDBF57005B60B5 /* Assets.xcassets */ = {isa = PBXFileReference; lastKnownFileType = folder.assetcatalog; path = Assets.xcassets; sourceTree = "<group>"; };
		2161EECF28BDBF57005B60B5 /* Preview Assets.xcassets */ = {isa = PBXFileReference; lastKnownFileType = folder.assetcatalog; path = "Preview Assets.xcassets"; sourceTree = "<group>"; };
		2161EED628BDC124005B60B5 /* Colors.xcassets */ = {isa = PBXFileReference; lastKnownFileType = folder.assetcatalog; path = Colors.xcassets; sourceTree = "<group>"; };
		2161EED928BDC1A9005B60B5 /* Color+Extentions.swift */ = {isa = PBXFileReference; lastKnownFileType = sourcecode.swift; path = "Color+Extentions.swift"; sourceTree = "<group>"; };
		217DA20628BE2141000CC9B8 /* SideMenuView.swift */ = {isa = PBXFileReference; lastKnownFileType = sourcecode.swift; path = SideMenuView.swift; sourceTree = "<group>"; };
		217DA20828BE2160000CC9B8 /* SideMenuHeaderView.swift */ = {isa = PBXFileReference; lastKnownFileType = sourcecode.swift; path = SideMenuHeaderView.swift; sourceTree = "<group>"; };
		217DA20A28BE2183000CC9B8 /* SideMenuOptionView.swift */ = {isa = PBXFileReference; lastKnownFileType = sourcecode.swift; path = SideMenuOptionView.swift; sourceTree = "<group>"; };
		217DA20C28BE21AF000CC9B8 /* SideMenuViewModel.swift */ = {isa = PBXFileReference; lastKnownFileType = sourcecode.swift; path = SideMenuViewModel.swift; sourceTree = "<group>"; };
		6F132C3328C502C600E4006C /* MainView.swift */ = {isa = PBXFileReference; lastKnownFileType = sourcecode.swift; path = MainView.swift; sourceTree = "<group>"; };
		6F132C3D28C5196900E4006C /* MyPlants.swift */ = {isa = PBXFileReference; lastKnownFileType = sourcecode.swift; path = MyPlants.swift; sourceTree = "<group>"; };
		6F132C4328C5389600E4006C /* ImagePicker.swift */ = {isa = PBXFileReference; lastKnownFileType = sourcecode.swift; path = ImagePicker.swift; sourceTree = "<group>"; };
		6F132C4528C53AE600E4006C /* profileImageMod.swift */ = {isa = PBXFileReference; lastKnownFileType = sourcecode.swift; path = profileImageMod.swift; sourceTree = "<group>"; };
		6F3EF73228C8E02100267A6B /* BackHidden.swift */ = {isa = PBXFileReference; lastKnownFileType = sourcecode.swift; path = BackHidden.swift; sourceTree = "<group>"; };
		6F3EF73428C8EF2900267A6B /* GoogleService-Info.plist */ = {isa = PBXFileReference; fileEncoding = 4; lastKnownFileType = text.plist.xml; path = "GoogleService-Info.plist"; sourceTree = "<group>"; };
		6F402C3E28C882B5005F83FE /* LaunchScreen.storyboard */ = {isa = PBXFileReference; lastKnownFileType = file.storyboard; path = LaunchScreen.storyboard; sourceTree = "<group>"; };
		6F402C4028C89CF0005F83FE /* ItemModel.swift */ = {isa = PBXFileReference; lastKnownFileType = sourcecode.swift; path = ItemModel.swift; sourceTree = "<group>"; };
		6F402C4228C89D09005F83FE /* ListViewModel.swift */ = {isa = PBXFileReference; lastKnownFileType = sourcecode.swift; path = ListViewModel.swift; sourceTree = "<group>"; };
		6F402C4428C89D7F005F83FE /* TaskRowView.swift */ = {isa = PBXFileReference; lastKnownFileType = sourcecode.swift; path = TaskRowView.swift; sourceTree = "<group>"; };
		6F402C4628C89D91005F83FE /* AddView.swift */ = {isa = PBXFileReference; lastKnownFileType = sourcecode.swift; path = AddView.swift; sourceTree = "<group>"; };
		6F402C4828C89DA4005F83FE /* NoItemsView.swift */ = {isa = PBXFileReference; lastKnownFileType = sourcecode.swift; path = NoItemsView.swift; sourceTree = "<group>"; };
		6F63692F28C618C900865233 /* NewPlantView.swift */ = {isa = PBXFileReference; lastKnownFileType = sourcecode.swift; path = NewPlantView.swift; sourceTree = "<group>"; };
		6F63693528C61EF800865233 /* Water Measure.swift */ = {isa = PBXFileReference; lastKnownFileType = sourcecode.swift; path = "Water Measure.swift"; sourceTree = "<group>"; };
		6F63693728C61F2400865233 /* Soil Measure.swift */ = {isa = PBXFileReference; lastKnownFileType = sourcecode.swift; path = "Soil Measure.swift"; sourceTree = "<group>"; };
		6F63693928C6308C00865233 /* MyTasks.swift */ = {isa = PBXFileReference; lastKnownFileType = sourcecode.swift; path = MyTasks.swift; sourceTree = "<group>"; };
		6F63693B28C635E200865233 /* Calendar.swift */ = {isa = PBXFileReference; lastKnownFileType = sourcecode.swift; path = Calendar.swift; sourceTree = "<group>"; };
		6F63693D28C67D5C00865233 /* ShopsView.swift */ = {isa = PBXFileReference; lastKnownFileType = sourcecode.swift; path = ShopsView.swift; sourceTree = "<group>"; };
		6F78131E28C7CFE100FD2890 /* MenuView.swift */ = {isa = PBXFileReference; lastKnownFileType = sourcecode.swift; path = MenuView.swift; sourceTree = "<group>"; };
		6F78132228C7DE8100FD2890 /* ShopViewModel.swift */ = {isa = PBXFileReference; lastKnownFileType = sourcecode.swift; path = ShopViewModel.swift; sourceTree = "<group>"; };
		6FB0F54A28C7792900FCA6A0 /* HomeView.swift */ = {isa = PBXFileReference; lastKnownFileType = sourcecode.swift; path = HomeView.swift; sourceTree = "<group>"; };
		6FB0F55428C787F700FCA6A0 /* CategoriesView.swift */ = {isa = PBXFileReference; lastKnownFileType = sourcecode.swift; path = CategoriesView.swift; sourceTree = "<group>"; };
		6FE20FC928C8B9A300A29C4C /* AddedPlantModel.swift */ = {isa = PBXFileReference; lastKnownFileType = sourcecode.swift; path = AddedPlantModel.swift; sourceTree = "<group>"; };
/* End PBXFileReference section */

/* Begin PBXFrameworksBuildPhase section */
		2161EEC228BDBF55005B60B5 /* Frameworks */ = {
			isa = PBXFrameworksBuildPhase;
			buildActionMask = 2147483647;
			files = (
				6F3EF73828C8FEF100267A6B /* FirebaseAuth in Frameworks */,
				6F3EF73A28C8FEF100267A6B /* FirebaseFirestore in Frameworks */,
			);
			runOnlyForDeploymentPostprocessing = 0;
		};
/* End PBXFrameworksBuildPhase section */

/* Begin PBXGroup section */
		2161EEBC28BDBF55005B60B5 = {
			isa = PBXGroup;
			children = (
				2161EEC728BDBF55005B60B5 /* Nabta */,
				2161EEC628BDBF55005B60B5 /* Products */,
			);
			sourceTree = "<group>";
		};
		2161EEC628BDBF55005B60B5 /* Products */ = {
			isa = PBXGroup;
			children = (
				2161EEC528BDBF55005B60B5 /* Nabta.app */,
			);
			name = Products;
			sourceTree = "<group>";
		};
		2161EEC728BDBF55005B60B5 /* Nabta */ = {
			isa = PBXGroup;
			children = (
				2161EEC828BDBF55005B60B5 /* NabtaApp.swift */,
				2161EECA28BDBF55005B60B5 /* ContentView.swift */,
				6F132C3228C502B500E4006C /* Main */,
				217DA20528BE1E0D000CC9B8 /* SideMenu */,
				217DA20428BE1DF6000CC9B8 /* Login */,
				2161EED828BDC16E005B60B5 /* Extentions */,
				2161EECC28BDBF57005B60B5 /* Assets.xcassets */,
				2161EED628BDC124005B60B5 /* Colors.xcassets */,
				6F3EF73428C8EF2900267A6B /* GoogleService-Info.plist */,
				2161EECE28BDBF57005B60B5 /* Preview Content */,
				6F402C3E28C882B5005F83FE /* LaunchScreen.storyboard */,
			);
			path = Nabta;
			sourceTree = "<group>";
		};
		2161EECE28BDBF57005B60B5 /* Preview Content */ = {
			isa = PBXGroup;
			children = (
				2161EECF28BDBF57005B60B5 /* Preview Assets.xcassets */,
			);
			path = "Preview Content";
			sourceTree = "<group>";
		};
		2161EED828BDC16E005B60B5 /* Extentions */ = {
			isa = PBXGroup;
			children = (
				2161EED928BDC1A9005B60B5 /* Color+Extentions.swift */,
			);
			path = Extentions;
			sourceTree = "<group>";
		};
		217DA20428BE1DF6000CC9B8 /* Login */ = {
			isa = PBXGroup;
			children = (
			);
			path = Login;
			sourceTree = "<group>";
		};
		217DA20528BE1E0D000CC9B8 /* SideMenu */ = {
			isa = PBXGroup;
			children = (
				217DA20628BE2141000CC9B8 /* SideMenuView.swift */,
				217DA20828BE2160000CC9B8 /* SideMenuHeaderView.swift */,
				217DA20A28BE2183000CC9B8 /* SideMenuOptionView.swift */,
				217DA20C28BE21AF000CC9B8 /* SideMenuViewModel.swift */,
				6F132C3C28C5194300E4006C /* Planties */,
				6F63693328C61DDA00865233 /* Water+Soil */,
				6F63693428C61DDE00865233 /* My Taskies */,
				6F63693228C61DD500865233 /* Calendary */,
				6F63693128C61DCA00865233 /* Shopping */,
			);
			path = SideMenu;
			sourceTree = "<group>";
		};
		6F132C3228C502B500E4006C /* Main */ = {
			isa = PBXGroup;
			children = (
				6F132C3328C502C600E4006C /* MainView.swift */,
				6FB0F54A28C7792900FCA6A0 /* HomeView.swift */,
				6FB0F55428C787F700FCA6A0 /* CategoriesView.swift */,
				6F3EF73228C8E02100267A6B /* BackHidden.swift */,
			);
			path = Main;
			sourceTree = "<group>";
		};
		6F132C3C28C5194300E4006C /* Planties */ = {
			isa = PBXGroup;
			children = (
				6F132C3D28C5196900E4006C /* MyPlants.swift */,
				6F63692F28C618C900865233 /* NewPlantView.swift */,
				6F132C4328C5389600E4006C /* ImagePicker.swift */,
				6FE20FC928C8B9A300A29C4C /* AddedPlantModel.swift */,
				6F132C4528C53AE600E4006C /* profileImageMod.swift */,
			);
			path = Planties;
			sourceTree = "<group>";
		};
		6F63693128C61DCA00865233 /* Shopping */ = {
			isa = PBXGroup;
			children = (
				6F63693D28C67D5C00865233 /* ShopsView.swift */,
				6F78131E28C7CFE100FD2890 /* MenuView.swift */,
				6F78132228C7DE8100FD2890 /* ShopViewModel.swift */,
			);
			path = Shopping;
			sourceTree = "<group>";
		};
		6F63693228C61DD500865233 /* Calendary */ = {
			isa = PBXGroup;
			children = (
				6F63693B28C635E200865233 /* Calendar.swift */,
			);
			path = Calendary;
			sourceTree = "<group>";
		};
		6F63693328C61DDA00865233 /* Water+Soil */ = {
			isa = PBXGroup;
			children = (
				6F63693528C61EF800865233 /* Water Measure.swift */,
				6F63693728C61F2400865233 /* Soil Measure.swift */,
			);
			path = "Water+Soil";
			sourceTree = "<group>";
		};
		6F63693428C61DDE00865233 /* My Taskies */ = {
			isa = PBXGroup;
			children = (
				6F63693928C6308C00865233 /* MyTasks.swift */,
				6F402C4828C89DA4005F83FE /* NoItemsView.swift */,
				6F402C4428C89D7F005F83FE /* TaskRowView.swift */,
				6F402C4628C89D91005F83FE /* AddView.swift */,
				6F402C4228C89D09005F83FE /* ListViewModel.swift */,
				6F402C4028C89CF0005F83FE /* ItemModel.swift */,
			);
			path = "My Taskies";
			sourceTree = "<group>";
		};
/* End PBXGroup section */

/* Begin PBXNativeTarget section */
		2161EEC428BDBF55005B60B5 /* Nabta */ = {
			isa = PBXNativeTarget;
			buildConfigurationList = 2161EED328BDBF57005B60B5 /* Build configuration list for PBXNativeTarget "Nabta" */;
			buildPhases = (
				2161EEC128BDBF55005B60B5 /* Sources */,
				2161EEC228BDBF55005B60B5 /* Frameworks */,
				2161EEC328BDBF55005B60B5 /* Resources */,
			);
			buildRules = (
			);
			dependencies = (
			);
			name = Nabta;
			packageProductDependencies = (
				6F3EF73728C8FEF100267A6B /* FirebaseAuth */,
				6F3EF73928C8FEF100267A6B /* FirebaseFirestore */,
			);
			productName = Nabta;
			productReference = 2161EEC528BDBF55005B60B5 /* Nabta.app */;
			productType = "com.apple.product-type.application";
		};
/* End PBXNativeTarget section */

/* Begin PBXProject section */
		2161EEBD28BDBF55005B60B5 /* Project object */ = {
			isa = PBXProject;
			attributes = {
				BuildIndependentTargetsInParallel = 1;
				LastSwiftUpdateCheck = 1340;
				LastUpgradeCheck = 1340;
				TargetAttributes = {
					2161EEC428BDBF55005B60B5 = {
						CreatedOnToolsVersion = 13.4.1;
					};
				};
			};
			buildConfigurationList = 2161EEC028BDBF55005B60B5 /* Build configuration list for PBXProject "Nabta" */;
			compatibilityVersion = "Xcode 13.0";
			developmentRegion = en;
			hasScannedForEncodings = 0;
			knownRegions = (
				en,
				Base,
			);
			mainGroup = 2161EEBC28BDBF55005B60B5;
			packageReferences = (
				6F3EF73628C8FEF100267A6B /* XCRemoteSwiftPackageReference "firebase-ios-sdk" */,
			);
			productRefGroup = 2161EEC628BDBF55005B60B5 /* Products */;
			projectDirPath = "";
			projectRoot = "";
			targets = (
				2161EEC428BDBF55005B60B5 /* Nabta */,
			);
		};
/* End PBXProject section */

/* Begin PBXResourcesBuildPhase section */
		2161EEC328BDBF55005B60B5 /* Resources */ = {
			isa = PBXResourcesBuildPhase;
			buildActionMask = 2147483647;
			files = (
				2161EED728BDC124005B60B5 /* Colors.xcassets in Resources */,
				6F402C3F28C882B5005F83FE /* LaunchScreen.storyboard in Resources */,
				6F3EF73528C8EF2900267A6B /* GoogleService-Info.plist in Resources */,
				2161EED028BDBF57005B60B5 /* Preview Assets.xcassets in Resources */,
				2161EECD28BDBF57005B60B5 /* Assets.xcassets in Resources */,
			);
			runOnlyForDeploymentPostprocessing = 0;
		};
/* End PBXResourcesBuildPhase section */

/* Begin PBXSourcesBuildPhase section */
		2161EEC128BDBF55005B60B5 /* Sources */ = {
			isa = PBXSourcesBuildPhase;
			buildActionMask = 2147483647;
			files = (
				6F132C4628C53AE600E4006C /* profileImageMod.swift in Sources */,
				217DA20928BE2160000CC9B8 /* SideMenuHeaderView.swift in Sources */,
				6F63693A28C6308C00865233 /* MyTasks.swift in Sources */,
				6F63693C28C635E200865233 /* Calendar.swift in Sources */,
				6F402C4128C89CF0005F83FE /* ItemModel.swift in Sources */,
				6F63693828C61F2400865233 /* Soil Measure.swift in Sources */,
				6F78131F28C7CFE100FD2890 /* MenuView.swift in Sources */,
				6F132C3428C502C600E4006C /* MainView.swift in Sources */,
				2161EECB28BDBF55005B60B5 /* ContentView.swift in Sources */,
				6FB0F55528C787F700FCA6A0 /* CategoriesView.swift in Sources */,
				6F402C4528C89D7F005F83FE /* TaskRowView.swift in Sources */,
				2161EEC928BDBF55005B60B5 /* NabtaApp.swift in Sources */,
				6F3EF73328C8E02100267A6B /* BackHidden.swift in Sources */,
				6F132C3E28C5196900E4006C /* MyPlants.swift in Sources */,
				217DA20D28BE21AF000CC9B8 /* SideMenuViewModel.swift in Sources */,
				6FE20FCA28C8B9A300A29C4C /* AddedPlantModel.swift in Sources */,
				217DA20728BE2141000CC9B8 /* SideMenuView.swift in Sources */,
				6F132C4428C5389600E4006C /* ImagePicker.swift in Sources */,
				6F63693E28C67D5C00865233 /* ShopsView.swift in Sources */,
				6F63693628C61EF800865233 /* Water Measure.swift in Sources */,
				6F63693028C618C900865233 /* NewPlantView.swift in Sources */,
				2161EEDA28BDC1A9005B60B5 /* Color+Extentions.swift in Sources */,
				217DA20B28BE2183000CC9B8 /* SideMenuOptionView.swift in Sources */,
				6F402C4328C89D09005F83FE /* ListViewModel.swift in Sources */,
				6F402C4928C89DA4005F83FE /* NoItemsView.swift in Sources */,
				6F402C4728C89D91005F83FE /* AddView.swift in Sources */,
				6F78132328C7DE8100FD2890 /* ShopViewModel.swift in Sources */,
				6FB0F54B28C7792900FCA6A0 /* HomeView.swift in Sources */,
			);
			runOnlyForDeploymentPostprocessing = 0;
		};
/* End PBXSourcesBuildPhase section */

/* Begin XCBuildConfiguration section */
		2161EED128BDBF57005B60B5 /* Debug */ = {
			isa = XCBuildConfiguration;
			buildSettings = {
				ALWAYS_SEARCH_USER_PATHS = NO;
				CLANG_ANALYZER_NONNULL = YES;
				CLANG_ANALYZER_NUMBER_OBJECT_CONVERSION = YES_AGGRESSIVE;
				CLANG_CXX_LANGUAGE_STANDARD = "gnu++17";
				CLANG_ENABLE_MODULES = YES;
				CLANG_ENABLE_OBJC_ARC = YES;
				CLANG_ENABLE_OBJC_WEAK = YES;
				CLANG_WARN_BLOCK_CAPTURE_AUTORELEASING = YES;
				CLANG_WARN_BOOL_CONVERSION = YES;
				CLANG_WARN_COMMA = YES;
				CLANG_WARN_CONSTANT_CONVERSION = YES;
				CLANG_WARN_DEPRECATED_OBJC_IMPLEMENTATIONS = YES;
				CLANG_WARN_DIRECT_OBJC_ISA_USAGE = YES_ERROR;
				CLANG_WARN_DOCUMENTATION_COMMENTS = YES;
				CLANG_WARN_EMPTY_BODY = YES;
				CLANG_WARN_ENUM_CONVERSION = YES;
				CLANG_WARN_INFINITE_RECURSION = YES;
				CLANG_WARN_INT_CONVERSION = YES;
				CLANG_WARN_NON_LITERAL_NULL_CONVERSION = YES;
				CLANG_WARN_OBJC_IMPLICIT_RETAIN_SELF = YES;
				CLANG_WARN_OBJC_LITERAL_CONVERSION = YES;
				CLANG_WARN_OBJC_ROOT_CLASS = YES_ERROR;
				CLANG_WARN_QUOTED_INCLUDE_IN_FRAMEWORK_HEADER = YES;
				CLANG_WARN_RANGE_LOOP_ANALYSIS = YES;
				CLANG_WARN_STRICT_PROTOTYPES = YES;
				CLANG_WARN_SUSPICIOUS_MOVE = YES;
				CLANG_WARN_UNGUARDED_AVAILABILITY = YES_AGGRESSIVE;
				CLANG_WARN_UNREACHABLE_CODE = YES;
				CLANG_WARN__DUPLICATE_METHOD_MATCH = YES;
				COPY_PHASE_STRIP = NO;
				DEBUG_INFORMATION_FORMAT = dwarf;
				ENABLE_STRICT_OBJC_MSGSEND = YES;
				ENABLE_TESTABILITY = YES;
				GCC_C_LANGUAGE_STANDARD = gnu11;
				GCC_DYNAMIC_NO_PIC = NO;
				GCC_NO_COMMON_BLOCKS = YES;
				GCC_OPTIMIZATION_LEVEL = 0;
				GCC_PREPROCESSOR_DEFINITIONS = (
					"DEBUG=1",
					"$(inherited)",
				);
				GCC_WARN_64_TO_32_BIT_CONVERSION = YES;
				GCC_WARN_ABOUT_RETURN_TYPE = YES_ERROR;
				GCC_WARN_UNDECLARED_SELECTOR = YES;
				GCC_WARN_UNINITIALIZED_AUTOS = YES_AGGRESSIVE;
				GCC_WARN_UNUSED_FUNCTION = YES;
				GCC_WARN_UNUSED_VARIABLE = YES;
				IPHONEOS_DEPLOYMENT_TARGET = 15.5;
				MTL_ENABLE_DEBUG_INFO = INCLUDE_SOURCE;
				MTL_FAST_MATH = YES;
				ONLY_ACTIVE_ARCH = YES;
				SDKROOT = iphoneos;
				SWIFT_ACTIVE_COMPILATION_CONDITIONS = DEBUG;
				SWIFT_OPTIMIZATION_LEVEL = "-Onone";
			};
			name = Debug;
		};
		2161EED228BDBF57005B60B5 /* Release */ = {
			isa = XCBuildConfiguration;
			buildSettings = {
				ALWAYS_SEARCH_USER_PATHS = NO;
				CLANG_ANALYZER_NONNULL = YES;
				CLANG_ANALYZER_NUMBER_OBJECT_CONVERSION = YES_AGGRESSIVE;
				CLANG_CXX_LANGUAGE_STANDARD = "gnu++17";
				CLANG_ENABLE_MODULES = YES;
				CLANG_ENABLE_OBJC_ARC = YES;
				CLANG_ENABLE_OBJC_WEAK = YES;
				CLANG_WARN_BLOCK_CAPTURE_AUTORELEASING = YES;
				CLANG_WARN_BOOL_CONVERSION = YES;
				CLANG_WARN_COMMA = YES;
				CLANG_WARN_CONSTANT_CONVERSION = YES;
				CLANG_WARN_DEPRECATED_OBJC_IMPLEMENTATIONS = YES;
				CLANG_WARN_DIRECT_OBJC_ISA_USAGE = YES_ERROR;
				CLANG_WARN_DOCUMENTATION_COMMENTS = YES;
				CLANG_WARN_EMPTY_BODY = YES;
				CLANG_WARN_ENUM_CONVERSION = YES;
				CLANG_WARN_INFINITE_RECURSION = YES;
				CLANG_WARN_INT_CONVERSION = YES;
				CLANG_WARN_NON_LITERAL_NULL_CONVERSION = YES;
				CLANG_WARN_OBJC_IMPLICIT_RETAIN_SELF = YES;
				CLANG_WARN_OBJC_LITERAL_CONVERSION = YES;
				CLANG_WARN_OBJC_ROOT_CLASS = YES_ERROR;
				CLANG_WARN_QUOTED_INCLUDE_IN_FRAMEWORK_HEADER = YES;
				CLANG_WARN_RANGE_LOOP_ANALYSIS = YES;
				CLANG_WARN_STRICT_PROTOTYPES = YES;
				CLANG_WARN_SUSPICIOUS_MOVE = YES;
				CLANG_WARN_UNGUARDED_AVAILABILITY = YES_AGGRESSIVE;
				CLANG_WARN_UNREACHABLE_CODE = YES;
				CLANG_WARN__DUPLICATE_METHOD_MATCH = YES;
				COPY_PHASE_STRIP = NO;
				DEBUG_INFORMATION_FORMAT = "dwarf-with-dsym";
				ENABLE_NS_ASSERTIONS = NO;
				ENABLE_STRICT_OBJC_MSGSEND = YES;
				GCC_C_LANGUAGE_STANDARD = gnu11;
				GCC_NO_COMMON_BLOCKS = YES;
				GCC_WARN_64_TO_32_BIT_CONVERSION = YES;
				GCC_WARN_ABOUT_RETURN_TYPE = YES_ERROR;
				GCC_WARN_UNDECLARED_SELECTOR = YES;
				GCC_WARN_UNINITIALIZED_AUTOS = YES_AGGRESSIVE;
				GCC_WARN_UNUSED_FUNCTION = YES;
				GCC_WARN_UNUSED_VARIABLE = YES;
				IPHONEOS_DEPLOYMENT_TARGET = 15.5;
				MTL_ENABLE_DEBUG_INFO = NO;
				MTL_FAST_MATH = YES;
				SDKROOT = iphoneos;
				SWIFT_COMPILATION_MODE = wholemodule;
				SWIFT_OPTIMIZATION_LEVEL = "-O";
				VALIDATE_PRODUCT = YES;
			};
			name = Release;
		};
		2161EED428BDBF57005B60B5 /* Debug */ = {
			isa = XCBuildConfiguration;
			buildSettings = {
				ASSETCATALOG_COMPILER_APPICON_NAME = AppIcon;
				ASSETCATALOG_COMPILER_GLOBAL_ACCENT_COLOR_NAME = AccentColor;
				CODE_SIGN_STYLE = Automatic;
				CURRENT_PROJECT_VERSION = 1;
				DEVELOPMENT_ASSET_PATHS = "\"Nabta/Preview Content\"";
				ENABLE_PREVIEWS = YES;
				GENERATE_INFOPLIST_FILE = YES;
				INFOPLIST_KEY_UIApplicationSceneManifest_Generation = YES;
				INFOPLIST_KEY_UIApplicationSupportsIndirectInputEvents = YES;
				INFOPLIST_KEY_UILaunchScreen_Generation = YES;
				INFOPLIST_KEY_UILaunchStoryboardName = LaunchScreen;
				INFOPLIST_KEY_UISupportedInterfaceOrientations_iPad = "UIInterfaceOrientationPortrait UIInterfaceOrientationPortraitUpsideDown UIInterfaceOrientationLandscapeLeft UIInterfaceOrientationLandscapeRight";
				INFOPLIST_KEY_UISupportedInterfaceOrientations_iPhone = "UIInterfaceOrientationPortrait UIInterfaceOrientationLandscapeLeft UIInterfaceOrientationLandscapeRight";
				LD_RUNPATH_SEARCH_PATHS = (
					"$(inherited)",
					"@executable_path/Frameworks",
				);
				MARKETING_VERSION = 1.0;
				PRODUCT_BUNDLE_IDENTIFIER = com.Sbuzlouf.Nabta;
				PRODUCT_NAME = "$(TARGET_NAME)";
				SWIFT_EMIT_LOC_STRINGS = YES;
				SWIFT_VERSION = 5.0;
				TARGETED_DEVICE_FAMILY = "1,2";
			};
			name = Debug;
		};
		2161EED528BDBF57005B60B5 /* Release */ = {
			isa = XCBuildConfiguration;
			buildSettings = {
				ASSETCATALOG_COMPILER_APPICON_NAME = AppIcon;
				ASSETCATALOG_COMPILER_GLOBAL_ACCENT_COLOR_NAME = AccentColor;
				CODE_SIGN_STYLE = Automatic;
				CURRENT_PROJECT_VERSION = 1;
				DEVELOPMENT_ASSET_PATHS = "\"Nabta/Preview Content\"";
				ENABLE_PREVIEWS = YES;
				GENERATE_INFOPLIST_FILE = YES;
				INFOPLIST_KEY_UIApplicationSceneManifest_Generation = YES;
				INFOPLIST_KEY_UIApplicationSupportsIndirectInputEvents = YES;
				INFOPLIST_KEY_UILaunchScreen_Generation = YES;
				INFOPLIST_KEY_UILaunchStoryboardName = LaunchScreen;
				INFOPLIST_KEY_UISupportedInterfaceOrientations_iPad = "UIInterfaceOrientationPortrait UIInterfaceOrientationPortraitUpsideDown UIInterfaceOrientationLandscapeLeft UIInterfaceOrientationLandscapeRight";
				INFOPLIST_KEY_UISupportedInterfaceOrientations_iPhone = "UIInterfaceOrientationPortrait UIInterfaceOrientationLandscapeLeft UIInterfaceOrientationLandscapeRight";
				LD_RUNPATH_SEARCH_PATHS = (
					"$(inherited)",
					"@executable_path/Frameworks",
				);
				MARKETING_VERSION = 1.0;
				PRODUCT_BUNDLE_IDENTIFIER = com.Sbuzlouf.Nabta;
				PRODUCT_NAME = "$(TARGET_NAME)";
				SWIFT_EMIT_LOC_STRINGS = YES;
				SWIFT_VERSION = 5.0;
				TARGETED_DEVICE_FAMILY = "1,2";
			};
			name = Release;
		};
/* End XCBuildConfiguration section */

/* Begin XCConfigurationList section */
		2161EEC028BDBF55005B60B5 /* Build configuration list for PBXProject "Nabta" */ = {
			isa = XCConfigurationList;
			buildConfigurations = (
				2161EED128BDBF57005B60B5 /* Debug */,
				2161EED228BDBF57005B60B5 /* Release */,
			);
			defaultConfigurationIsVisible = 0;
			defaultConfigurationName = Release;
		};
		2161EED328BDBF57005B60B5 /* Build configuration list for PBXNativeTarget "Nabta" */ = {
			isa = XCConfigurationList;
			buildConfigurations = (
				2161EED428BDBF57005B60B5 /* Debug */,
				2161EED528BDBF57005B60B5 /* Release */,
			);
			defaultConfigurationIsVisible = 0;
			defaultConfigurationName = Release;
		};
/* End XCConfigurationList section */

/* Begin XCRemoteSwiftPackageReference section */
		6F3EF73628C8FEF100267A6B /* XCRemoteSwiftPackageReference "firebase-ios-sdk" */ = {
			isa = XCRemoteSwiftPackageReference;
			repositoryURL = "https://github.com/firebase/firebase-ios-sdk";
			requirement = {
				kind = upToNextMajorVersion;
				minimumVersion = 9.0.0;
			};
		};
/* End XCRemoteSwiftPackageReference section */

/* Begin XCSwiftPackageProductDependency section */
		6F3EF73728C8FEF100267A6B /* FirebaseAuth */ = {
			isa = XCSwiftPackageProductDependency;
			package = 6F3EF73628C8FEF100267A6B /* XCRemoteSwiftPackageReference "firebase-ios-sdk" */;
			productName = FirebaseAuth;
		};
		6F3EF73928C8FEF100267A6B /* FirebaseFirestore */ = {
			isa = XCSwiftPackageProductDependency;
			package = 6F3EF73628C8FEF100267A6B /* XCRemoteSwiftPackageReference "firebase-ios-sdk" */;
			productName = FirebaseFirestore;
		};
/* End XCSwiftPackageProductDependency section */
	};
	rootObject = 2161EEBD28BDBF55005B60B5 /* Project object */;
}
